# THIS IS AN AUTOGENERATED FILE. DO NOT EDIT THIS FILE DIRECTLY.
# yarn lockfile v1


"@tootallnate/once@1":
  version "1.1.2"
  resolved "https://registry.npmjs.org/@tootallnate/once/-/once-1.1.2.tgz"
  integrity sha512-RbzJvlNzmRq5c3O09UipeuXno4tA1FE6ikOjxZK0tuxVv3412l64l5t1W5pj4+rJq9vpkm/kwiR07aZXnsKPxw==

"@types/mocha@^2.2.48":
  version "2.2.48"
  resolved "https://registry.npmjs.org/@types/mocha/-/mocha-2.2.48.tgz"
  integrity sha512-nlK/iyETgafGli8Zh9zJVCTicvU3iajSkRwOh3Hhiva598CMqNJ4NcVCGMTGKpGpTYj/9R8RLzS9NAykSSCqGw==

"@types/node@^7.10.6":
  version "7.10.6"
  resolved "http://r.cnpmjs.org/@types/node/download/@types/node-7.10.6.tgz"
  integrity sha1-xCE38PL2RYvwyJjWX0jF9gCRFHU=

agent-base@^4.1.0, agent-base@4:
  version "4.3.0"
  resolved "http://r.cnpmjs.org/agent-base/download/agent-base-4.3.0.tgz"
  integrity sha1-gWXwHENgCbzK0LHRIvBe13Dvxu4=
  dependencies:
    es6-promisify "^5.0.0"

agent-base@6:
  version "6.0.2"
  resolved "https://registry.npmjs.org/agent-base/-/agent-base-6.0.2.tgz"
  integrity sha512-RZNwNclF7+MS/8bDg70amg32dyeZGZxiDuQmZxKLAlQjr3jGyLx+4Kkk58UO7D2QdgFIQCovuSuZESne6RG6XQ==
  dependencies:
    debug "4"

balanced-match@^1.0.0:
  version "1.0.0"
  resolved "http://r.cnpmjs.org/balanced-match/download/balanced-match-1.0.0.tgz"
  integrity sha1-ibTRmasr7kneFk6gK4nORi1xt2c=

brace-expansion@^1.1.7:
  version "1.1.11"
  resolved "http://r.cnpmjs.org/brace-expansion/download/brace-expansion-1.1.11.tgz"
  integrity sha1-PH/L9SnYcibz0vUrlm/1Jx60Qd0=
  dependencies:
    balanced-match "^1.0.0"
    concat-map "0.0.1"

browser-stdout@1.3.1:
  version "1.3.1"
  resolved "https://registry.npmjs.org/browser-stdout/-/browser-stdout-1.3.1.tgz"
  integrity sha512-qhAVI1+Av2X7qelOfAIYwXONood6XlZE/fXaBSmW/T5SzLAmCgzi+eiWE7fUvbHaeNBQH13UftjpXxsfLkMpgw==

buffer-from@^1.0.0:
  version "1.1.1"
  resolved "http://r.cnpmjs.org/buffer-from/download/buffer-from-1.1.1.tgz"
  integrity sha1-MnE7wCj3XAL9txDXx7zsHyxgcO8=

child-process-promise@^2.2.1:
  version "2.2.1"
  resolved "http://r.cnpmjs.org/child-process-promise/download/child-process-promise-2.2.1.tgz"
  integrity sha1-RzChHvYQ+tRQuPIjx50x172tgHQ=
  dependencies:
    cross-spawn "^4.0.2"
    node-version "^1.0.0"
    promise-polyfill "^6.0.1"

commander@2.15.1:
  version "2.15.1"
  resolved "https://registry.npmjs.org/commander/-/commander-2.15.1.tgz"
  integrity sha512-VlfT9F3V0v+jr4yxPc5gg9s62/fIVWsd2Bk2iD435um1NlGMYdVCq+MjcXnhYq2icNOizHr1kK+5TI6H0Hy0ag==

concat-map@0.0.1:
  version "0.0.1"
  resolved "http://r.cnpmjs.org/concat-map/download/concat-map-0.0.1.tgz"
  integrity sha1-2Klr13/Wjfd5OnMDajug1UBdR3s=

cross-spawn@^4.0.2:
  version "4.0.2"
  resolved "http://r.cnpmjs.org/cross-spawn/download/cross-spawn-4.0.2.tgz"
  integrity sha1-e5JHYhwjrf3ThWAEqCPL45dCTUE=
  dependencies:
    lru-cache "^4.0.1"
    which "^1.2.9"

debug@^3.1.0, debug@3.1.0:
  version "3.1.0"
  resolved "http://r.cnpmjs.org/debug/download/debug-3.1.0.tgz"
  integrity sha1-W7WgZyYotkFJVmuhaBnmFRjGcmE=
  dependencies:
    ms "2.0.0"

debug@4:
  version "4.3.4"
  resolved "https://registry.npmjs.org/debug/-/debug-4.3.4.tgz"
  integrity sha512-PRWFHuSU3eDtQJPvnNY7Jcket1j0t5OuOsFzPPzsekD52Zl8qUfFIPEiswXqIvHWGVHOgX+7G/vCNNhehwxfkQ==
  dependencies:
    ms "2.1.2"

diff@3.5.0:
  version "3.5.0"
  resolved "https://registry.npmjs.org/diff/-/diff-3.5.0.tgz"
  integrity sha512-A46qtFgd+g7pDZinpnwiRJtxbC1hpgf0uzP3iG89scHk0AUC7A1TGxf5OiiOUv/JMZR8GOt8hL900hV0bOy5xA==

es6-promise@^4.0.3:
  version "4.2.8"
  resolved "http://r.cnpmjs.org/es6-promise/download/es6-promise-4.2.8.tgz"
  integrity sha1-TrIVlMlyvEBVPSduUQU5FD21Pgo=

es6-promisify@^5.0.0:
  version "5.0.0"
  resolved "http://r.cnpmjs.org/es6-promisify/download/es6-promisify-5.0.0.tgz"
  integrity sha1-UQnWLz5W6pZ8S2NQWu8IKRyKUgM=
  dependencies:
    es6-promise "^4.0.3"

escape-string-regexp@1.0.5:
  version "1.0.5"
  resolved "https://registry.npmjs.org/escape-string-regexp/-/escape-string-regexp-1.0.5.tgz"
  integrity sha512-vbRorB5FUQWvla16U8R/qgaFIya2qGzwDrNmCZuYKrbdSUMG6I1ZCGQRefkRVhuOkIGVne7BQ35DSfo1qvJqFg==

fs.realpath@^1.0.0:
  version "1.0.0"
  resolved "http://r.cnpmjs.org/fs.realpath/download/fs.realpath-1.0.0.tgz"
  integrity sha1-FQStJSMVjKpA20onh8sBQRmU6k8=

glob@^7.1.2:
  version "7.1.4"
  resolved "http://r.cnpmjs.org/glob/download/glob-7.1.4.tgz"
  integrity sha1-qmCKL2xXetNX4a5aXCbZqNGWklU=
  dependencies:
    fs.realpath "^1.0.0"
    inflight "^1.0.4"
    inherits "2"
    minimatch "^3.0.4"
    once "^1.3.0"
    path-is-absolute "^1.0.0"

glob@7.1.2:
  version "7.1.2"
  resolved "https://registry.npmjs.org/glob/-/glob-7.1.2.tgz"
  integrity sha512-MJTUg1kjuLeQCJ+ccE4Vpa6kKVXkPYJ2mOCQyUuKLcLQsdrMCpBPUi8qVE6+YuaJkozeA9NusTAw3hLr8Xe5EQ==
  dependencies:
    fs.realpath "^1.0.0"
    inflight "^1.0.4"
    inherits "2"
    minimatch "^3.0.4"
    once "^1.3.0"
    path-is-absolute "^1.0.0"

growl@1.10.5:
  version "1.10.5"
  resolved "https://registry.npmjs.org/growl/-/growl-1.10.5.tgz"
  integrity sha512-qBr4OuELkhPenW6goKVXiv47US3clb3/IbuWF9KNKEijAy9oeHxU9IgzjvJhHkUzhaj7rOUD7+YGWqUjLp5oSA==

has-flag@^3.0.0:
  version "3.0.0"
  resolved "https://registry.npmjs.org/has-flag/-/has-flag-3.0.0.tgz"
  integrity sha512-sKJf1+ceQBr4SMkvQnBDNDtf4TXpVhVGateu0t918bl30FnbE2m4vNLX+VWe/dpjlb+HugGYzW7uQXH98HPEYw==

he@1.1.1:
  version "1.1.1"
  resolved "https://registry.npmjs.org/he/-/he-1.1.1.tgz"
  integrity sha512-z/GDPjlRMNOa2XJiB4em8wJpuuBfrFOlYKTZxtpkdr1uPdibHI8rYA3MY0KDObpVyaes0e/aunid/t88ZI2EKA==

http-proxy-agent@^2.1.0:
  version "2.1.0"
  resolved "http://r.cnpmjs.org/http-proxy-agent/download/http-proxy-agent-2.1.0.tgz"
  integrity sha1-5IIb7vWyFCogJr1zkm/lN2McVAU=
  dependencies:
    agent-base "4"
    debug "3.1.0"

http-proxy-agent@^4.0.1:
  version "4.0.1"
  resolved "https://registry.npmjs.org/http-proxy-agent/-/http-proxy-agent-4.0.1.tgz"
  integrity sha512-k0zdNgqWTGA6aeIRVpvfVob4fL52dTfaehylg0Y4UvSySvOq/Y+BOyPrgpUrA7HylqvU8vIZGsRuXmspskV0Tg==
  dependencies:
    "@tootallnate/once" "1"
    agent-base "6"
    debug "4"

https-proxy-agent@^2.2.1:
  version "2.2.1"
  resolved "http://r.cnpmjs.org/https-proxy-agent/download/https-proxy-agent-2.2.1.tgz"
  integrity sha1-UVUpcPoE1yPgTFbQQXjD+SWSu8A=
  dependencies:
    agent-base "^4.1.0"
    debug "^3.1.0"

https-proxy-agent@^5.0.0:
  version "5.0.1"
  resolved "https://registry.npmjs.org/https-proxy-agent/-/https-proxy-agent-5.0.1.tgz"
  integrity sha512-dFcAjpTQFgoLMzC2VwU+C/CbS7uRL0lWmxDITmqm7C+7F0Odmj6s9l6alZc6AELXhrnggM2CeWSXHGOdX2YtwA==
  dependencies:
    agent-base "6"
    debug "4"

inflight@^1.0.4:
  version "1.0.6"
  resolved "http://r.cnpmjs.org/inflight/download/inflight-1.0.6.tgz"
  integrity sha1-Sb1jMdfQLQwJvJEKEHW6gWW1bfk=
  dependencies:
    once "^1.3.0"
    wrappy "1"

inherits@2:
  version "2.0.4"
  resolved "http://r.cnpmjs.org/inherits/download/inherits-2.0.4.tgz"
  integrity sha1-D6LGT5MpF8NDOg3tVTY6rjdBa3w=

isexe@^2.0.0:
  version "2.0.0"
  resolved "http://r.cnpmjs.org/isexe/download/isexe-2.0.0.tgz"
  integrity sha1-6PvzdNxVb/iUehDcsFctYz8s+hA=

lru-cache@^4.0.1:
  version "4.1.5"
  resolved "http://r.cnpmjs.org/lru-cache/download/lru-cache-4.1.5.tgz"
  integrity sha1-i75Q6oW+1ZvJ4z3KuCNe6bz0Q80=
  dependencies:
    pseudomap "^1.0.2"
    yallist "^2.1.2"

minimatch@^3.0.4, minimatch@3.0.4:
  version "3.0.4"
  resolved "http://r.cnpmjs.org/minimatch/download/minimatch-3.0.4.tgz"
  integrity sha1-UWbihkV/AzBgZL5Ul+jbsMPTIIM=
  dependencies:
    brace-expansion "^1.1.7"

minimist@0.0.8:
  version "0.0.8"
  resolved "https://registry.npmjs.org/minimist/-/minimist-0.0.8.tgz"
  integrity sha512-miQKw5Hv4NS1Psg2517mV4e4dYNaO3++hjAvLOAzKqZ61rH8NS1SK+vbfBWZ5PY/Me/bEWhUwqMghEW5Fb9T7Q==

mkdirp@0.5.1:
  version "0.5.1"
  resolved "https://registry.npmjs.org/mkdirp/-/mkdirp-0.5.1.tgz"
  integrity sha512-SknJC52obPfGQPnjIkXbmA6+5H15E+fR+E4iR2oQ3zzCLbd7/ONua69R/Gw7AgkTLsRG+r5fzksYwWe1AgTyWA==
  dependencies:
    minimist "0.0.8"

mocha@^5.2.0:
  version "5.2.0"
  resolved "https://registry.npmjs.org/mocha/-/mocha-5.2.0.tgz"
  integrity sha512-2IUgKDhc3J7Uug+FxMXuqIyYzH7gJjXECKe/w43IGgQHTSj3InJi+yAA7T24L9bQMRKiUEHxEX37G5JpVUGLcQ==
  dependencies:
    browser-stdout "1.3.1"
    commander "2.15.1"
    debug "3.1.0"
    diff "3.5.0"
    escape-string-regexp "1.0.5"
    glob "7.1.2"
    growl "1.10.5"
    he "1.1.1"
    minimatch "3.0.4"
    mkdirp "0.5.1"
    supports-color "5.4.0"

ms@2.0.0:
  version "2.0.0"
  resolved "http://r.cnpmjs.org/ms/download/ms-2.0.0.tgz"
  integrity sha1-VgiurfwAvmwpAd9fmGF4jeDVl8g=

ms@2.1.2:
  version "2.1.2"
  resolved "https://registry.npmjs.org/ms/-/ms-2.1.2.tgz"
  integrity sha512-sGkPx+VjMtmA6MX27oA4FBFELFCZZ4S4XqeGOXCv68tT+jb3vk/RyaKWP0PTKyWtmLSM0b+adUTEvbs1PEaH2w==

node-version@^1.0.0:
  version "1.2.0"
  resolved "http://r.cnpmjs.org/node-version/download/node-version-1.2.0.tgz"
  integrity sha1-NP3j/6jhFJvTI5g0ed2mIOG1Bg0=

once@^1.3.0:
  version "1.4.0"
  resolved "http://r.cnpmjs.org/once/download/once-1.4.0.tgz"
  integrity sha1-WDsap3WWHUsROsF9nFC6753Xa9E=
  dependencies:
    wrappy "1"

path-is-absolute@^1.0.0:
  version "1.0.1"
  resolved "http://r.cnpmjs.org/path-is-absolute/download/path-is-absolute-1.0.1.tgz"
  integrity sha1-F0uSaHNVNP+8es5r9TpanhtcX18=

promise-polyfill@^6.0.1:
  version "6.1.0"
  resolved "http://r.cnpmjs.org/promise-polyfill/download/promise-polyfill-6.1.0.tgz"
  integrity sha1-36lpQ+qcEh/KTem1hoyznTRy4Fc=

pseudomap@^1.0.2:
  version "1.0.2"
  resolved "http://r.cnpmjs.org/pseudomap/download/pseudomap-1.0.2.tgz"
  integrity sha1-8FKijacOYYkX7wqKw0wa5aaChrM=

semver@^5.4.1:
  version "5.7.0"
  resolved "http://r.cnpmjs.org/semver/download/semver-5.7.0.tgz"
  integrity sha1-eQp89v6lRZuslhELKbYEEtyP+Ws=

source-map-support@^0.5.0:
  version "0.5.12"
  resolved "http://r.cnpmjs.org/source-map-support/download/source-map-support-0.5.12.tgz"
  integrity sha1-tPOxDVGFelrwE4086AA7IBYT1Zk=
  dependencies:
    buffer-from "^1.0.0"
    source-map "^0.6.0"

source-map@^0.6.0:
  version "0.6.1"
  resolved "http://r.cnpmjs.org/source-map/download/source-map-0.6.1.tgz"
  integrity sha1-dHIq8y6WFOnCh6jQu95IteLxomM=

supports-color@5.4.0:
  version "5.4.0"
  resolved "https://registry.npmjs.org/supports-color/-/supports-color-5.4.0.tgz"
  integrity sha512-zjaXglF5nnWpsq470jSv6P9DwPvgLkuapYmfDm3JWOm0vkNTVF2tI4UrN2r6jH1qM/uc/WtxYY1hYoA2dOKj5w==
  dependencies:
    has-flag "^3.0.0"

typescript@^2.6.1:
  version "2.9.2"
  resolved "http://r.cnpmjs.org/typescript/download/typescript-2.9.2.tgz"
  integrity sha1-HL9h0F1rliaSROtqO85L2RTg8Aw=

vscode-test@^0.4.1:
  version "0.4.3"
  resolved "http://r.cnpmjs.org/vscode-test/download/vscode-test-0.4.3.tgz"
  integrity sha1-Rh6/JfxLyT132YKu1VZlii4rkLg=
  dependencies:
    http-proxy-agent "^2.1.0"
    https-proxy-agent "^2.2.1"

vscode@^1.1.37:
  version "1.1.37"
  resolved "https://registry.npmjs.org/vscode/-/vscode-1.1.37.tgz"
  integrity sha512-vJNj6IlN7IJPdMavlQa1KoFB3Ihn06q1AiN3ZFI/HfzPNzbKZWPPuiU+XkpNOfGU5k15m4r80nxNPlM7wcc0wg==
  dependencies:
    glob "^7.1.2"
    http-proxy-agent "^4.0.1"
    https-proxy-agent "^5.0.0"
    mocha "^5.2.0"
    semver "^5.4.1"
    source-map-support "^0.5.0"
    vscode-test "^0.4.1"

which@^1.2.9:
  version "1.3.1"
  resolved "http://r.cnpmjs.org/which/download/which-1.3.1.tgz"
  integrity sha1-pFBD1U9YBTFtqNYvn1CRjT2nCwo=
  dependencies:
    isexe "^2.0.0"

wrappy@1:
  version "1.0.2"
  resolved "http://r.cnpmjs.org/wrappy/download/wrappy-1.0.2.tgz"
  integrity sha1-tSQ9jz7BqjXxNkYFvA0QNuMKtp8=

yallist@^2.1.2:
  version "2.1.2"
  resolved "http://r.cnpmjs.org/yallist/download/yallist-2.1.2.tgz"
  integrity sha1-HBH5IY8HYImkfdUS+TxmmaaoHVI=
